{
  "name": "quickbox",
  "version": "0.0.0",
  "lockfileVersion": 1,
  "requires": true,
  "dependencies": {
    "@jscad/array-utils": {
      "version": "2.1.0",
      "resolved": "https://registry.npmjs.org/@jscad/array-utils/-/array-utils-2.1.0.tgz",
      "integrity": "sha512-SvdLYfodb7T8PSOcHey1CY9GG4EYZe/Hda6MOVDngfsVmBGn7/l9uiU/7QQQ2Jl7FZ0SRe6S2+2ZJ4nT2RS1Wg=="
    },
    "@jscad/modeling": {
      "version": "2.6.1",
      "resolved": "https://registry.npmjs.org/@jscad/modeling/-/modeling-2.6.1.tgz",
      "integrity": "sha512-bUMccSiBW7r6vajozqHC33GACJIezH8x/0XXNbbZWAWAkfVarRzPz+KIazsX7rouoDDkzrTrWWJxJ5HDbwWvFg=="
    },
    "@jscad/stl-serializer": {
      "version": "2.1.0",
      "resolved": "https://registry.npmjs.org/@jscad/stl-serializer/-/stl-serializer-2.1.0.tgz",
      "integrity": "sha512-xt1ee5AGN+GIuZamQGg9RiTbG4/9iX1BVGE68MEaWAcVdOY0YqlJ6g8BzNlWn8Htb21+3QgsTSP4jetF7YeG/A==",
      "requires": {
        "@jscad/array-utils": "2.1.0",
        "@jscad/modeling": "2.6.1"
      }
    }
  }
}
